
Microsoft Visual Studio Solution File, Format Version 12.00
# Visual Studio 15
VisualStudioVersion = 15.0.28307.438
MinimumVisualStudioVersion = 10.0.40219.1
Project("{8BC9CEB8-8B4A-11D0-8D11-00A0C91BC942}") = "FunctionsSample", "FunctionsSample\FunctionsSample.vcxproj", "{40B93227-47DA-442D-A910-219D9000CBFD}"
EndProject
Global
	GlobalSection(SolutionConfigurationPlatforms) = preSolution
		Debug|x64 = Debug|x64
		Debug|x86 = Debug|x86
		Release|x64 = Release|x64
		Release|x86 = Release|x86
	EndGlobalSection
	GlobalSection(ProjectConfigurationPlatforms) = postSolution
		{40B93227-47DA-442D-A910-219D9000CBFD}.Debug|x64.ActiveCfg = Debug|x64
		{40B93227-47DA-442D-A910-219D9000CBFD}.Debug|x64.Build.0 = Debug|x64
		{40B93227-47DA-442D-A910-219D9000CBFD}.Debug|x86.ActiveCfg = Debug|Win32
		{40B93227-47DA-442D-A910-219D9000CBFD}.Debug|x86.Build.0 = Debug|Win32
		{40B93227-47DA-442D-A910-219D9000CBFD}.Release|x64.ActiveCfg = Release|x64
		{40B93227-47DA-442D-A910-219D9000CBFD}.Release|x64.Build.0 = Release|x64
		{40B93227-47DA-442D-A910-219D9000CBFD}.Release|x86.ActiveCfg = Release|Win32
		{40B93227-47DA-442D-A910-219D9000CBFD}.Release|x86.Build.0 = Release|Win32
	EndGlobalSection
	GlobalSection(SolutionProperties) = preSolution
		HideSolutionNode = FALSE
	EndGlobalSection
	GlobalSection(ExtensibilityGlobals) = postSolution
		SolutionGuid = {3A45EF3D-AA1B-4F3F-80E4-642AB42A1BCC}
	EndGlobalSection
EndGlobal
